// !$*UTF8*$!
{
	archiveVersion = 1;
	classes = {
	};
	objectVersion = 55;
	objects = {

/* Begin PBXBuildFile section */
		A5735DA12727EFC60073D89F /* AppDelegate.swift in Sources */ = {isa = PBXBuildFile; fileRef = A5735DA02727EFC60073D89F /* AppDelegate.swift */; };
		A5735DA32727EFC60073D89F /* SceneDelegate.swift in Sources */ = {isa = PBXBuildFile; fileRef = A5735DA22727EFC60073D89F /* SceneDelegate.swift */; };
		A5735DA52727EFC60073D89F /* ViewController.swift in Sources */ = {isa = PBXBuildFile; fileRef = A5735DA42727EFC60073D89F /* ViewController.swift */; };
		A5735DA82727EFC60073D89F /* Main.storyboard in Resources */ = {isa = PBXBuildFile; fileRef = A5735DA62727EFC60073D89F /* Main.storyboard */; };
		A5735DAA2727EFC80073D89F /* Assets.xcassets in Resources */ = {isa = PBXBuildFile; fileRef = A5735DA92727EFC80073D89F /* Assets.xcassets */; };
		A5735DAD2727EFC80073D89F /* LaunchScreen.storyboard in Resources */ = {isa = PBXBuildFile; fileRef = A5735DAB2727EFC80073D89F /* LaunchScreen.storyboard */; };
		A5735DB82727F0AA0073D89F /* Balham.otf in Resources */ = {isa = PBXBuildFile; fileRef = A5735DB72727F0AA0073D89F /* Balham.otf */; };
		A5735DBA2727F2850073D89F /* Question.swift in Sources */ = {isa = PBXBuildFile; fileRef = A5735DB92727F2850073D89F /* Question.swift */; };
		A5735DBC2727F8CA0073D89F /* Game.swift in Sources */ = {isa = PBXBuildFile; fileRef = A5735DBB2727F8CA0073D89F /* Game.swift */; };
		A5735DBE2727F94B0073D89F /* QuestionManager.swift in Sources */ = {isa = PBXBuildFile; fileRef = A5735DBD2727F94B0073D89F /* QuestionManager.swift */; };
/* End PBXBuildFile section */

/* Begin PBXFileReference section */
		A5735D9D2727EFC60073D89F /* OpenQuiz.app */ = {isa = PBXFileReference; explicitFileType = wrapper.application; includeInIndex = 0; path = OpenQuiz.app; sourceTree = BUILT_PRODUCTS_DIR; };
		A5735DA02727EFC60073D89F /* AppDelegate.swift */ = {isa = PBXFileReference; lastKnownFileType = sourcecode.swift; path = AppDelegate.swift; sourceTree = "<group>"; };
		A5735DA22727EFC60073D89F /* SceneDelegate.swift */ = {isa = PBXFileReference; lastKnownFileType = sourcecode.swift; path = SceneDelegate.swift; sourceTree = "<group>"; };
		A5735DA42727EFC60073D89F /* ViewController.swift */ = {isa = PBXFileReference; lastKnownFileType = sourcecode.swift; path = ViewController.swift; sourceTree = "<group>"; };
		A5735DA72727EFC60073D89F /* Base */ = {isa = PBXFileReference; lastKnownFileType = file.storyboard; name = Base; path = Base.lproj/Main.storyboard; sourceTree = "<group>"; };
		A5735DA92727EFC80073D89F /* Assets.xcassets */ = {isa = PBXFileReference; lastKnownFileType = folder.assetcatalog; path = Assets.xcassets; sourceTree = "<group>"; };
		A5735DAC2727EFC80073D89F /* Base */ = {isa = PBXFileReference; lastKnownFileType = file.storyboard; name = Base; path = Base.lproj/LaunchScreen.storyboard; sourceTree = "<group>"; };
		A5735DAE2727EFC80073D89F /* Info.plist */ = {isa = PBXFileReference; lastKnownFileType = text.plist.xml; path = Info.plist; sourceTree = "<group>"; };
		A5735DB72727F0AA0073D89F /* Balham.otf */ = {isa = PBXFileReference; lastKnownFileType = file; name = Balham.otf; path = ../../../../../Balham.otf; sourceTree = "<group>"; };
		A5735DB92727F2850073D89F /* Question.swift */ = {isa = PBXFileReference; lastKnownFileType = sourcecode.swift; path = Question.swift; sourceTree = "<group>"; };
		A5735DBB2727F8CA0073D89F /* Game.swift */ = {isa = PBXFileReference; lastKnownFileType = sourcecode.swift; path = Game.swift; sourceTree = "<group>"; };
		A5735DBD2727F94B0073D89F /* QuestionManager.swift */ = {isa = PBXFileReference; fileEncoding = 4; lastKnownFileType = sourcecode.swift; name = QuestionManager.swift; path = ../../../../../../../Downloads/QuestionManager.swift; sourceTree = "<group>"; };
/* End PBXFileReference section */

/* Begin PBXFrameworksBuildPhase section */
		A5735D9A2727EFC60073D89F /* Frameworks */ = {
			isa = PBXFrameworksBuildPhase;
			buildActionMask = 2147483647;
			files = (
			);
			runOnlyForDeploymentPostprocessing = 0;
		};
/* End PBXFrameworksBuildPhase section */

/* Begin PBXGroup section */
		A5735D942727EFC60073D89F = {
			isa = PBXGroup;
			children = (
				A5735D9F2727EFC60073D89F /* OpenQuiz */,
				A5735D9E2727EFC60073D89F /* Products */,
			);
			sourceTree = "<group>";
		};
		A5735D9E2727EFC60073D89F /* Products */ = {
			isa = PBXGroup;
			children = (
				A5735D9D2727EFC60073D89F /* OpenQuiz.app */,
			);
			name = Products;
			sourceTree = "<group>";
		};
		A5735D9F2727EFC60073D89F /* OpenQuiz */ = {
			isa = PBXGroup;
			children = (
				A5735DB62727F0030073D89F /* Controller */,
				A5735DB52727EFFA0073D89F /* View */,
				A5735DB42727EFEF0073D89F /* Model */,
				A5735DA02727EFC60073D89F /* AppDelegate.swift */,
				A5735DA22727EFC60073D89F /* SceneDelegate.swift */,
				A5735DA92727EFC80073D89F /* Assets.xcassets */,
				A5735DB72727F0AA0073D89F /* Balham.otf */,
				A5735DAB2727EFC80073D89F /* LaunchScreen.storyboard */,
				A5735DAE2727EFC80073D89F /* Info.plist */,
			);
			path = OpenQuiz;
			sourceTree = "<group>";
		};
		A5735DB42727EFEF0073D89F /* Model */ = {
			isa = PBXGroup;
			children = (
				A5735DB92727F2850073D89F /* Question.swift */,
				A5735DBB2727F8CA0073D89F /* Game.swift */,
				A5735DBD2727F94B0073D89F /* QuestionManager.swift */,
			);
			path = Model;
			sourceTree = "<group>";
		};
		A5735DB52727EFFA0073D89F /* View */ = {
			isa = PBXGroup;
			children = (
				A5735DA62727EFC60073D89F /* Main.storyboard */,
			);
			path = View;
			sourceTree = "<group>";
		};
		A5735DB62727F0030073D89F /* Controller */ = {
			isa = PBXGroup;
			children = (
				A5735DA42727EFC60073D89F /* ViewController.swift */,
			);
			path = Controller;
			sourceTree = "<group>";
		};
/* End PBXGroup section */

/* Begin PBXNativeTarget section */
		A5735D9C2727EFC60073D89F /* OpenQuiz */ = {
			isa = PBXNativeTarget;
			buildConfigurationList = A5735DB12727EFC80073D89F /* Build configuration list for PBXNativeTarget "OpenQuiz" */;
			buildPhases = (
				A5735D992727EFC60073D89F /* Sources */,
				A5735D9A2727EFC60073D89F /* Frameworks */,
				A5735D9B2727EFC60073D89F /* Resources */,
			);
			buildRules = (
			);
			dependencies = (
			);
			name = OpenQuiz;
			productName = OpenQuiz;
			productReference = A5735D9D2727EFC60073D89F /* OpenQuiz.app */;
			productType = "com.apple.product-type.application";
		};
/* End PBXNativeTarget section */

/* Begin PBXProject section */
		A5735D952727EFC60073D89F /* Project object */ = {
			isa = PBXProject;
			attributes = {
				BuildIndependentTargetsInParallel = 1;
				LastSwiftUpdateCheck = 1300;
				LastUpgradeCheck = 1300;
				TargetAttributes = {
					A5735D9C2727EFC60073D89F = {
						CreatedOnToolsVersion = 13.0;
					};
				};
			};
			buildConfigurationList = A5735D982727EFC60073D89F /* Build configuration list for PBXProject "OpenQuiz" */;
			compatibilityVersion = "Xcode 13.0";
			developmentRegion = en;
			hasScannedForEncodings = 0;
			knownRegions = (
				en,
				Base,
			);
			mainGroup = A5735D942727EFC60073D89F;
			productRefGroup = A5735D9E2727EFC60073D89F /* Products */;
			projectDirPath = "";
			projectRoot = "";
			targets = (
				A5735D9C2727EFC60073D89F /* OpenQuiz */,
			);
		};
/* End PBXProject section */

/* Begin PBXResourcesBuildPhase section */
		A5735D9B2727EFC60073D89F /* Resources */ = {
			isa = PBXResourcesBuildPhase;
			buildActionMask = 2147483647;
			files = (
				A5735DAD2727EFC80073D89F /* LaunchScreen.storyboard in Resources */,
				A5735DAA2727EFC80073D89F /* Assets.xcassets in Resources */,
				A5735DB82727F0AA0073D89F /* Balham.otf in Resources */,
				A5735DA82727EFC60073D89F /* Main.storyboard in Resources */,
			);
			runOnlyForDeploymentPostprocessing = 0;
		};
/* End PBXResourcesBuildPhase section */

/* Begin PBXSourcesBuildPhase section */
		A5735D992727EFC60073D89F /* Sources */ = {
			isa = PBXSourcesBuildPhase;
			buildActionMask = 2147483647;
			files = (
				A5735DA52727EFC60073D89F /* ViewController.swift in Sources */,
				A5735DBC2727F8CA0073D89F /* Game.swift in Sources */,
				A5735DBA2727F2850073D89F /* Question.swift in Sources */,
				A5735DA12727EFC60073D89F /* AppDelegate.swift in Sources */,
				A5735DA32727EFC60073D89F /* SceneDelegate.swift in Sources */,
				A5735DBE2727F94B0073D89F /* QuestionManager.swift in Sources */,
			);
			runOnlyForDeploymentPostprocessing = 0;
		};
/* End PBXSourcesBuildPhase section */

/* Begin PBXVariantGroup section */
		A5735DA62727EFC60073D89F /* Main.storyboard */ = {
			isa = PBXVariantGroup;
			children = (
				A5735DA72727EFC60073D89F /* Base */,
			);
			name = Main.storyboard;
			sourceTree = "<group>";
		};
		A5735DAB2727EFC80073D89F /* LaunchScreen.storyboard */ = {
			isa = PBXVariantGroup;
			children = (
				A5735DAC2727EFC80073D89F /* Base */,
			);
			name = LaunchScreen.storyboard;
			sourceTree = "<group>";
		};
/* End PBXVariantGroup section */

/* Begin XCBuildConfiguration section */
		A5735DAF2727EFC80073D89F /* Debug */ = {
			isa = XCBuildConfiguration;
			buildSettings = {
				ALWAYS_SEARCH_USER_PATHS = NO;
				CLANG_ANALYZER_NONNULL = YES;
				CLANG_ANALYZER_NUMBER_OBJECT_CONVERSION = YES_AGGRESSIVE;
				CLANG_CXX_LANGUAGE_STANDARD = "gnu++17";
				CLANG_CXX_LIBRARY = "libc++";
				CLANG_ENABLE_MODULES = YES;
				CLANG_ENABLE_OBJC_ARC = YES;
				CLANG_ENABLE_OBJC_WEAK = YES;
				CLANG_WARN_BLOCK_CAPTURE_AUTORELEASING = YES;
				CLANG_WARN_BOOL_CONVERSION = YES;
				CLANG_WARN_COMMA = YES;
				CLANG_WARN_CONSTANT_CONVERSION = YES;
				CLANG_WARN_DEPRECATED_OBJC_IMPLEMENTATIONS = YES;
				CLANG_WARN_DIRECT_OBJC_ISA_USAGE = YES_ERROR;
				CLANG_WARN_DOCUMENTATION_COMMENTS = YES;
				CLANG_WARN_EMPTY_BODY = YES;
				CLANG_WARN_ENUM_CONVERSION = YES;
				CLANG_WARN_INFINITE_RECURSION = YES;
				CLANG_WARN_INT_CONVERSION = YES;
				CLANG_WARN_NON_LITERAL_NULL_CONVERSION = YES;
				CLANG_WARN_OBJC_IMPLICIT_RETAIN_SELF = YES;
				CLANG_WARN_OBJC_LITERAL_CONVERSION = YES;
				CLANG_WARN_OBJC_ROOT_CLASS = YES_ERROR;
				CLANG_WARN_QUOTED_INCLUDE_IN_FRAMEWORK_HEADER = YES;
				CLANG_WARN_RANGE_LOOP_ANALYSIS = YES;
				CLANG_WARN_STRICT_PROTOTYPES = YES;
				CLANG_WARN_SUSPICIOUS_MOVE = YES;
				CLANG_WARN_UNGUARDED_AVAILABILITY = YES_AGGRESSIVE;
				CLANG_WARN_UNREACHABLE_CODE = YES;
				CLANG_WARN__DUPLICATE_METHOD_MATCH = YES;
				COPY_PHASE_STRIP = NO;
				DEBUG_INFORMATION_FORMAT = dwarf;
				ENABLE_STRICT_OBJC_MSGSEND = YES;
				ENABLE_TESTABILITY = YES;
				GCC_C_LANGUAGE_STANDARD = gnu11;
				GCC_DYNAMIC_NO_PIC = NO;
				GCC_NO_COMMON_BLOCKS = YES;
				GCC_OPTIMIZATION_LEVEL = 0;
				GCC_PREPROCESSOR_DEFINITIONS = (
					"DEBUG=1",
					"$(inherited)",
				);
				GCC_WARN_64_TO_32_BIT_CONVERSION = YES;
				GCC_WARN_ABOUT_RETURN_TYPE = YES_ERROR;
				GCC_WARN_UNDECLARED_SELECTOR = YES;
				GCC_WARN_UNINITIALIZED_AUTOS = YES_AGGRESSIVE;
				GCC_WARN_UNUSED_FUNCTION = YES;
				GCC_WARN_UNUSED_VARIABLE = YES;
				IPHONEOS_DEPLOYMENT_TARGET = 15.0;
				MTL_ENABLE_DEBUG_INFO = INCLUDE_SOURCE;
				MTL_FAST_MATH = YES;
				ONLY_ACTIVE_ARCH = YES;
				SDKROOT = iphoneos;
				SWIFT_ACTIVE_COMPILATION_CONDITIONS = DEBUG;
				SWIFT_OPTIMIZATION_LEVEL = "-Onone";
			};
			name = Debug;
		};
		A5735DB02727EFC80073D89F /* Release */ = {
			isa = XCBuildConfiguration;
			buildSettings = {
				ALWAYS_SEARCH_USER_PATHS = NO;
				CLANG_ANALYZER_NONNULL = YES;
				CLANG_ANALYZER_NUMBER_OBJECT_CONVERSION = YES_AGGRESSIVE;
				CLANG_CXX_LANGUAGE_STANDARD = "gnu++17";
				CLANG_CXX_LIBRARY = "libc++";
				CLANG_ENABLE_MODULES = YES;
				CLANG_ENABLE_OBJC_ARC = YES;
				CLANG_ENABLE_OBJC_WEAK = YES;
				CLANG_WARN_BLOCK_CAPTURE_AUTORELEASING = YES;
				CLANG_WARN_BOOL_CONVERSION = YES;
				CLANG_WARN_COMMA = YES;
				CLANG_WARN_CONSTANT_CONVERSION = YES;
				CLANG_WARN_DEPRECATED_OBJC_IMPLEMENTATIONS = YES;
				CLANG_WARN_DIRECT_OBJC_ISA_USAGE = YES_ERROR;
				CLANG_WARN_DOCUMENTATION_COMMENTS = YES;
				CLANG_WARN_EMPTY_BODY = YES;
				CLANG_WARN_ENUM_CONVERSION = YES;
				CLANG_WARN_INFINITE_RECURSION = YES;
				CLANG_WARN_INT_CONVERSION = YES;
				CLANG_WARN_NON_LITERAL_NULL_CONVERSION = YES;
				CLANG_WARN_OBJC_IMPLICIT_RETAIN_SELF = YES;
				CLANG_WARN_OBJC_LITERAL_CONVERSION = YES;
				CLANG_WARN_OBJC_ROOT_CLASS = YES_ERROR;
				CLANG_WARN_QUOTED_INCLUDE_IN_FRAMEWORK_HEADER = YES;
				CLANG_WARN_RANGE_LOOP_ANALYSIS = YES;
				CLANG_WARN_STRICT_PROTOTYPES = YES;
				CLANG_WARN_SUSPICIOUS_MOVE = YES;
				CLANG_WARN_UNGUARDED_AVAILABILITY = YES_AGGRESSIVE;
				CLANG_WARN_UNREACHABLE_CODE = YES;
				CLANG_WARN__DUPLICATE_METHOD_MATCH = YES;
				COPY_PHASE_STRIP = NO;
				DEBUG_INFORMATION_FORMAT = "dwarf-with-dsym";
				ENABLE_NS_ASSERTIONS = NO;
				ENABLE_STRICT_OBJC_MSGSEND = YES;
				GCC_C_LANGUAGE_STANDARD = gnu11;
				GCC_NO_COMMON_BLOCKS = YES;
				GCC_WARN_64_TO_32_BIT_CONVERSION = YES;
				GCC_WARN_ABOUT_RETURN_TYPE = YES_ERROR;
				GCC_WARN_UNDECLARED_SELECTOR = YES;
				GCC_WARN_UNINITIALIZED_AUTOS = YES_AGGRESSIVE;
				GCC_WARN_UNUSED_FUNCTION = YES;
				GCC_WARN_UNUSED_VARIABLE = YES;
				IPHONEOS_DEPLOYMENT_TARGET = 15.0;
				MTL_ENABLE_DEBUG_INFO = NO;
				MTL_FAST_MATH = YES;
				SDKROOT = iphoneos;
				SWIFT_COMPILATION_MODE = wholemodule;
				SWIFT_OPTIMIZATION_LEVEL = "-O";
				VALIDATE_PRODUCT = YES;
			};
			name = Release;
		};
		A5735DB22727EFC80073D89F /* Debug */ = {
			isa = XCBuildConfiguration;
			buildSettings = {
				ASSETCATALOG_COMPILER_APPICON_NAME = AppIcon;
				ASSETCATALOG_COMPILER_GLOBAL_ACCENT_COLOR_NAME = AccentColor;
				CODE_SIGN_STYLE = Automatic;
				CURRENT_PROJECT_VERSION = 1;
				GENERATE_INFOPLIST_FILE = YES;
				INFOPLIST_FILE = OpenQuiz/Info.plist;
				INFOPLIST_KEY_UIApplicationSupportsIndirectInputEvents = YES;
				INFOPLIST_KEY_UILaunchStoryboardName = LaunchScreen;
				INFOPLIST_KEY_UIMainStoryboardFile = Main;
				INFOPLIST_KEY_UISupportedInterfaceOrientations_iPad = "UIInterfaceOrientationPortrait UIInterfaceOrientationPortraitUpsideDown UIInterfaceOrientationLandscapeLeft UIInterfaceOrientationLandscapeRight";
				INFOPLIST_KEY_UISupportedInterfaceOrientations_iPhone = "UIInterfaceOrientationPortrait UIInterfaceOrientationLandscapeLeft UIInterfaceOrientationLandscapeRight";
				LD_RUNPATH_SEARCH_PATHS = (
					"$(inherited)",
					"@executable_path/Frameworks",
				);
				MARKETING_VERSION = 1.0;
				PRODUCT_BUNDLE_IDENTIFIER = com.timothy.OpenQuiz;
				PRODUCT_NAME = "$(TARGET_NAME)";
				SWIFT_EMIT_LOC_STRINGS = YES;
				SWIFT_VERSION = 5.0;
				TARGETED_DEVICE_FAMILY = "1,2";
			};
			name = Debug;
		};
		A5735DB32727EFC80073D89F /* Release */ = {
			isa = XCBuildConfiguration;
			buildSettings = {
				ASSETCATALOG_COMPILER_APPICON_NAME = AppIcon;
				ASSETCATALOG_COMPILER_GLOBAL_ACCENT_COLOR_NAME = AccentColor;
				CODE_SIGN_STYLE = Automatic;
				CURRENT_PROJECT_VERSION = 1;
				GENERATE_INFOPLIST_FILE = YES;
				INFOPLIST_FILE = OpenQuiz/Info.plist;
				INFOPLIST_KEY_UIApplicationSupportsIndirectInputEvents = YES;
				INFOPLIST_KEY_UILaunchStoryboardName = LaunchScreen;
				INFOPLIST_KEY_UIMainStoryboardFile = Main;
				INFOPLIST_KEY_UISupportedInterfaceOrientations_iPad = "UIInterfaceOrientationPortrait UIInterfaceOrientationPortraitUpsideDown UIInterfaceOrientationLandscapeLeft UIInterfaceOrientationLandscapeRight";
				INFOPLIST_KEY_UISupportedInterfaceOrientations_iPhone = "UIInterfaceOrientationPortrait UIInterfaceOrientationLandscapeLeft UIInterfaceOrientationLandscapeRight";
				LD_RUNPATH_SEARCH_PATHS = (
					"$(inherited)",
					"@executable_path/Frameworks",
				);
				MARKETING_VERSION = 1.0;
				PRODUCT_BUNDLE_IDENTIFIER = com.timothy.OpenQuiz;
				PRODUCT_NAME = "$(TARGET_NAME)";
				SWIFT_EMIT_LOC_STRINGS = YES;
				SWIFT_VERSION = 5.0;
				TARGETED_DEVICE_FAMILY = "1,2";
			};
			name = Release;
		};
/* End XCBuildConfiguration section */

/* Begin XCConfigurationList section */
		A5735D982727EFC60073D89F /* Build configuration list for PBXProject "OpenQuiz" */ = {
			isa = XCConfigurationList;
			buildConfigurations = (
				A5735DAF2727EFC80073D89F /* Debug */,
				A5735DB02727EFC80073D89F /* Release */,
			);
			defaultConfigurationIsVisible = 0;
			defaultConfigurationName = Release;
		};
		A5735DB12727EFC80073D89F /* Build configuration list for PBXNativeTarget "OpenQuiz" */ = {
			isa = XCConfigurationList;
			buildConfigurations = (
				A5735DB22727EFC80073D89F /* Debug */,
				A5735DB32727EFC80073D89F /* Release */,
			);
			defaultConfigurationIsVisible = 0;
			defaultConfigurationName = Release;
		};
/* End XCConfigurationList section */
	};
	rootObject = A5735D952727EFC60073D89F /* Project object */;
}
